{
  "name": "sample8",
  "version": "1.0.0",
  "lockfileVersion": 1,
  "requires": true,
  "dependencies": {
    "webm-wasm": {
      "version": "0.4.1",
      "resolved": "https://registry.npmjs.org/webm-wasm/-/webm-wasm-0.4.1.tgz",
      "integrity": "sha512-FOKtpyY8tXcaWEarq2+o9v+DvnVqeuJPXDSfgp99UWMavkSUNsSh1T4By6Q9BBgTFTWxrcJNlwxVvHGQ3/xP5Q=="
    }
  }
}
